
Microsoft Visual Studio Solution File, Format Version 12.00
# Visual Studio Version 17
VisualStudioVersion = 17.14.36221.1 d17.14
MinimumVisualStudioVersion = 10.0.40219.1
Project("{FAE04EC0-301F-11D3-BF4B-00C04F79EFBC}") = "HoyNoCircula.Api", "HoyNoCircula.Api.csproj", "{9AC2E00F-42D0-952B-7C51-BE531BCF0583}"
EndProject
Global
	GlobalSection(SolutionConfigurationPlatforms) = preSolution
		Debug|Any CPU = Debug|Any CPU
		Release|Any CPU = Release|Any CPU
	EndGlobalSection
	GlobalSection(ProjectConfigurationPlatforms) = postSolution
		{9AC2E00F-42D0-952B-7C51-BE531BCF0583}.Debug|Any CPU.ActiveCfg = Debug|Any CPU
		{9AC2E00F-42D0-952B-7C51-BE531BCF0583}.Debug|Any CPU.Build.0 = Debug|Any CPU
		{9AC2E00F-42D0-952B-7C51-BE531BCF0583}.Release|Any CPU.ActiveCfg = Release|Any CPU
		{9AC2E00F-42D0-952B-7C51-BE531BCF0583}.Release|Any CPU.Build.0 = Release|Any CPU
	EndGlobalSection
	GlobalSection(SolutionProperties) = preSolution
		HideSolutionNode = FALSE
	EndGlobalSection
	GlobalSection(ExtensibilityGlobals) = postSolution
		SolutionGuid = {E226050C-6860-4F03-BA13-C3E2C005642D}
	EndGlobalSection
EndGlobal
